
Microsoft Visual Studio Solution File, Format Version 12.00
Project("{FAE04EC0-301F-11D3-BF4B-00C04F79EFBC}") = "ConsoleApp1", "ConsoleApp1\ConsoleApp1.csproj", "{AAEB0D2C-78D7-45A1-9853-32F89F7C67AC}"
EndProject
Global
	GlobalSection(SolutionConfigurationPlatforms) = preSolution
		Debug|Any CPU = Debug|Any CPU
		Release|Any CPU = Release|Any CPU
	EndGlobalSection
	GlobalSection(ProjectConfigurationPlatforms) = postSolution
		{AAEB0D2C-78D7-45A1-9853-32F89F7C67AC}.Debug|Any CPU.ActiveCfg = Debug|Any CPU
		{AAEB0D2C-78D7-45A1-9853-32F89F7C67AC}.Debug|Any CPU.Build.0 = Debug|Any CPU
		{AAEB0D2C-78D7-45A1-9853-32F89F7C67AC}.Release|Any CPU.ActiveCfg = Release|Any CPU
		{AAEB0D2C-78D7-45A1-9853-32F89F7C67AC}.Release|Any CPU.Build.0 = Release|Any CPU
	EndGlobalSection
EndGlobal
